
Microsoft Visual Studio Solution File, Format Version 12.00
# Visual Studio Version 16
VisualStudioVersion = 16.0.33801.447
MinimumVisualStudioVersion = 10.0.40219.1
Project("{FAE04EC0-301F-11D3-BF4B-00C04F79EFBC}") = "Todo Asp Mvc .Net", "Todo Asp Mvc .Net.csproj", "{FCECF19F-E668-4328-BCD5-CE6AB2EBBEF5}"
EndProject
Global
	GlobalSection(SolutionConfigurationPlatforms) = preSolution
		Debug|Any CPU = Debug|Any CPU
		Release|Any CPU = Release|Any CPU
	EndGlobalSection
	GlobalSection(ProjectConfigurationPlatforms) = postSolution
		{FCECF19F-E668-4328-BCD5-CE6AB2EBBEF5}.Debug|Any CPU.ActiveCfg = Debug|Any CPU
		{FCECF19F-E668-4328-BCD5-CE6AB2EBBEF5}.Debug|Any CPU.Build.0 = Debug|Any CPU
		{FCECF19F-E668-4328-BCD5-CE6AB2EBBEF5}.Release|Any CPU.ActiveCfg = Release|Any CPU
		{FCECF19F-E668-4328-BCD5-CE6AB2EBBEF5}.Release|Any CPU.Build.0 = Release|Any CPU
	EndGlobalSection
	GlobalSection(SolutionProperties) = preSolution
		HideSolutionNode = FALSE
	EndGlobalSection
	GlobalSection(ExtensibilityGlobals) = postSolution
		SolutionGuid = {C865369E-2AFF-44A8-ABFD-B450A0EC33B0}
	EndGlobalSection
EndGlobal
